# This file is automatically @generated by Cargo.
# It is not intended for manual editing.
[[package]]
name = "rustyController"
version = "0.1.0"
dependencies = [
 "stick 0.7.1 (registry+https://github.com/rust-lang/crates.io-index)",
]

[[package]]
name = "stick"
version = "0.7.1"
source = "registry+https://github.com/rust-lang/crates.io-index"

[metadata]
"checksum stick 0.7.1 (registry+https://github.com/rust-lang/crates.io-index)" = "eeedb4a874e068dbab2652995defea8600560af19bad1ea3ec8e2a9ad13d445b"
